{
  "name": "HackBud",
  "lockfileVersion": 3,
  "requires": true,
  "packages": {
    "": {
      "dependencies": {
        "posthog-js": "^1.170.1"
      }
    },
    "node_modules/fflate": {
      "version": "0.4.8",
      "resolved": "https://registry.npmjs.org/fflate/-/fflate-0.4.8.tgz",
      "integrity": "sha512-FJqqoDBR00Mdj9ppamLa/Y7vxm+PRmNWA67N846RvsoYVMKB4q3y/de5PA7gUmRMYK/8CMz2GDZQmCRN1wBcWA==",
      "license": "MIT"
    },
    "node_modules/posthog-js": {
      "version": "1.170.1",
      "resolved": "https://registry.npmjs.org/posthog-js/-/posthog-js-1.170.1.tgz",
      "integrity": "sha512-LReG76Sb2c0PlJZT5DSyM8GBU40d1fW/gqukwhjWYD3P8+98GJI8+e2qjVic4MI1PCZUkVPYxbP/bXkZQWhskg==",
      "license": "MIT",
      "dependencies": {
        "fflate": "^0.4.8",
        "preact": "^10.19.3",
        "web-vitals": "^4.0.1"
      }
    },
    "node_modules/preact": {
      "version": "10.24.3",
      "resolved": "https://registry.npmjs.org/preact/-/preact-10.24.3.tgz",
      "integrity": "sha512-Z2dPnBnMUfyQfSQ+GBdsGa16hz35YmLmtTLhM169uW944hYL6xzTYkJjC07j+Wosz733pMWx0fgON3JNw1jJQA==",
      "license": "MIT",
      "funding": {
        "type": "opencollective",
        "url": "https://opencollective.com/preact"
      }
    },
    "node_modules/web-vitals": {
      "version": "4.2.3",
      "resolved": "https://registry.npmjs.org/web-vitals/-/web-vitals-4.2.3.tgz",
      "integrity": "sha512-/CFAm1mNxSmOj6i0Co+iGFJ58OS4NRGVP+AWS/l509uIK5a1bSoIVaHz/ZumpHTfHSZBpgrJ+wjfpAOrTHok5Q==",
      "license": "Apache-2.0"
    }
  }
}
